Microsoft Visual Studio Solution File, Format Version 12.00
# Visual Studio 15
VisualStudioVersion = 15.0.26228.4
MinimumVisualStudioVersion = 10.0.40219.1
Project("{2150E333-8FDC-42A3-9474-1A3956D46DE8}") = "src", "src", "{EFE7247B-3FD9-4C31-A0B3-DAEEB82FDA07}"
EndProject
Project("{2150E333-8FDC-42A3-9474-1A3956D46DE8}") = "Solution Items", "Solution Items", "{C03CBD12-77AD-459C-AFC1-350379D7C8B7}"
	ProjectSection(SolutionItems) = preProject
		.gitattributes = .gitattributes
		.gitignore = .gitignore
		.travis.yml = .travis.yml
		app.json = app.json
		appveyor.yml = appveyor.yml
		build.cmd = build.cmd
		build.ps1 = build.ps1
		build.sh = build.sh
		LICENSE.txt = LICENSE.txt
		NuGet.config = NuGet.config
		README.md = README.md
	EndProjectSection
EndProject
Project("{9A19103F-16F7-4668-BE54-9A1E7A4F7556}") = "ZBlog", "src\ZBlog\ZBlog.csproj", "{1346532C-78D2-4FB4-82D3-CD8978499166}"
EndProject
Global
	GlobalSection(SolutionConfigurationPlatforms) = preSolution
		Debug|Any CPU = Debug|Any CPU
		Debug|x64 = Debug|x64
		Debug|x86 = Debug|x86
		Release|Any CPU = Release|Any CPU
		Release|x64 = Release|x64
		Release|x86 = Release|x86
	EndGlobalSection
	GlobalSection(ProjectConfigurationPlatforms) = postSolution
		{1346532C-78D2-4FB4-82D3-CD8978499166}.Debug|Any CPU.ActiveCfg = Debug|Any CPU
		{1346532C-78D2-4FB4-82D3-CD8978499166}.Debug|Any CPU.Build.0 = Debug|Any CPU
		{1346532C-78D2-4FB4-82D3-CD8978499166}.Debug|x64.ActiveCfg = Debug|Any CPU
		{1346532C-78D2-4FB4-82D3-CD8978499166}.Debug|x64.Build.0 = Debug|Any CPU
		{1346532C-78D2-4FB4-82D3-CD8978499166}.Debug|x86.ActiveCfg = Debug|Any CPU
		{1346532C-78D2-4FB4-82D3-CD8978499166}.Debug|x86.Build.0 = Debug|Any CPU
		{1346532C-78D2-4FB4-82D3-CD8978499166}.Release|Any CPU.ActiveCfg = Release|Any CPU
		{1346532C-78D2-4FB4-82D3-CD8978499166}.Release|Any CPU.Build.0 = Release|Any CPU
		{1346532C-78D2-4FB4-82D3-CD8978499166}.Release|x64.ActiveCfg = Release|Any CPU
		{1346532C-78D2-4FB4-82D3-CD8978499166}.Release|x64.Build.0 = Release|Any CPU
		{1346532C-78D2-4FB4-82D3-CD8978499166}.Release|x86.ActiveCfg = Release|Any CPU
		{1346532C-78D2-4FB4-82D3-CD8978499166}.Release|x86.Build.0 = Release|Any CPU
	EndGlobalSection
	GlobalSection(SolutionProperties) = preSolution
		HideSolutionNode = FALSE
	EndGlobalSection
	GlobalSection(NestedProjects) = preSolution
		{1346532C-78D2-4FB4-82D3-CD8978499166} = {EFE7247B-3FD9-4C31-A0B3-DAEEB82FDA07}
	EndGlobalSection
EndGlobal
